// !$*UTF8*$!
{
	archiveVersion = 1;
	classes = {
	};
	objectVersion = 46;
	objects = {

/* Begin PBXBuildFile section */
		D6C46B9E1D9890DD00F43C60 /* AppDelegate.swift in Sources */ = {isa = PBXBuildFile; fileRef = D6C46B9D1D9890DD00F43C60 /* AppDelegate.swift */; };
		D6C46BA01D9890DD00F43C60 /* ViewController.swift in Sources */ = {isa = PBXBuildFile; fileRef = D6C46B9F1D9890DD00F43C60 /* ViewController.swift */; };
		D6C46BA31D9890DD00F43C60 /* Main.storyboard in Resources */ = {isa = PBXBuildFile; fileRef = D6C46BA11D9890DD00F43C60 /* Main.storyboard */; };
		D6C46BA51D9890DD00F43C60 /* Assets.xcassets in Resources */ = {isa = PBXBuildFile; fileRef = D6C46BA41D9890DD00F43C60 /* Assets.xcassets */; };
		D6C46BA81D9890DD00F43C60 /* LaunchScreen.storyboard in Resources */ = {isa = PBXBuildFile; fileRef = D6C46BA61D9890DD00F43C60 /* LaunchScreen.storyboard */; };
		D6C46BB31D9890DD00F43C60 /* TipCalculatorTests.swift in Sources */ = {isa = PBXBuildFile; fileRef = D6C46BB21D9890DD00F43C60 /* TipCalculatorTests.swift */; };
		D6C46BBE1D9890DD00F43C60 /* TipCalculatorUITests.swift in Sources */ = {isa = PBXBuildFile; fileRef = D6C46BBD1D9890DD00F43C60 /* TipCalculatorUITests.swift */; };
		D6C46BCC1D98969D00F43C60 /* SettingsViewController.swift in Sources */ = {isa = PBXBuildFile; fileRef = D6C46BCB1D98969D00F43C60 /* SettingsViewController.swift */; };
/* End PBXBuildFile section */

/* Begin PBXContainerItemProxy section */
		D6C46BAF1D9890DD00F43C60 /* PBXContainerItemProxy */ = {
			isa = PBXContainerItemProxy;
			containerPortal = D6C46B921D9890DD00F43C60 /* Project object */;
			proxyType = 1;
			remoteGlobalIDString = D6C46B991D9890DD00F43C60;
			remoteInfo = TipCalculator;
		};
		D6C46BBA1D9890DD00F43C60 /* PBXContainerItemProxy */ = {
			isa = PBXContainerItemProxy;
			containerPortal = D6C46B921D9890DD00F43C60 /* Project object */;
			proxyType = 1;
			remoteGlobalIDString = D6C46B991D9890DD00F43C60;
			remoteInfo = TipCalculator;
		};
/* End PBXContainerItemProxy section */

/* Begin PBXFileReference section */
		D6C46B9A1D9890DD00F43C60 /* TipCalculator.app */ = {isa = PBXFileReference; explicitFileType = wrapper.application; includeInIndex = 0; path = TipCalculator.app; sourceTree = BUILT_PRODUCTS_DIR; };
		D6C46B9D1D9890DD00F43C60 /* AppDelegate.swift */ = {isa = PBXFileReference; lastKnownFileType = sourcecode.swift; path = AppDelegate.swift; sourceTree = "<group>"; };
		D6C46B9F1D9890DD00F43C60 /* ViewController.swift */ = {isa = PBXFileReference; lastKnownFileType = sourcecode.swift; path = ViewController.swift; sourceTree = "<group>"; };
		D6C46BA21D9890DD00F43C60 /* Base */ = {isa = PBXFileReference; lastKnownFileType = file.storyboard; name = Base; path = Base.lproj/Main.storyboard; sourceTree = "<group>"; };
		D6C46BA41D9890DD00F43C60 /* Assets.xcassets */ = {isa = PBXFileReference; lastKnownFileType = folder.assetcatalog; path = Assets.xcassets; sourceTree = "<group>"; };
		D6C46BA71D9890DD00F43C60 /* Base */ = {isa = PBXFileReference; lastKnownFileType = file.storyboard; name = Base; path = Base.lproj/LaunchScreen.storyboard; sourceTree = "<group>"; };
		D6C46BA91D9890DD00F43C60 /* Info.plist */ = {isa = PBXFileReference; lastKnownFileType = text.plist.xml; path = Info.plist; sourceTree = "<group>"; };
		D6C46BAE1D9890DD00F43C60 /* TipCalculatorTests.xctest */ = {isa = PBXFileReference; explicitFileType = wrapper.cfbundle; includeInIndex = 0; path = TipCalculatorTests.xctest; sourceTree = BUILT_PRODUCTS_DIR; };
		D6C46BB21D9890DD00F43C60 /* TipCalculatorTests.swift */ = {isa = PBXFileReference; lastKnownFileType = sourcecode.swift; path = TipCalculatorTests.swift; sourceTree = "<group>"; };
		D6C46BB41D9890DD00F43C60 /* Info.plist */ = {isa = PBXFileReference; lastKnownFileType = text.plist.xml; path = Info.plist; sourceTree = "<group>"; };
		D6C46BB91D9890DD00F43C60 /* TipCalculatorUITests.xctest */ = {isa = PBXFileReference; explicitFileType = wrapper.cfbundle; includeInIndex = 0; path = TipCalculatorUITests.xctest; sourceTree = BUILT_PRODUCTS_DIR; };
		D6C46BBD1D9890DD00F43C60 /* TipCalculatorUITests.swift */ = {isa = PBXFileReference; lastKnownFileType = sourcecode.swift; path = TipCalculatorUITests.swift; sourceTree = "<group>"; };
		D6C46BBF1D9890DD00F43C60 /* Info.plist */ = {isa = PBXFileReference; lastKnownFileType = text.plist.xml; path = Info.plist; sourceTree = "<group>"; };
		D6C46BCB1D98969D00F43C60 /* SettingsViewController.swift */ = {isa = PBXFileReference; fileEncoding = 4; lastKnownFileType = sourcecode.swift; path = SettingsViewController.swift; sourceTree = "<group>"; };
/* End PBXFileReference section */

/* Begin PBXFrameworksBuildPhase section */
		D6C46B971D9890DD00F43C60 /* Frameworks */ = {
			isa = PBXFrameworksBuildPhase;
			buildActionMask = 2147483647;
			files = (
			);
			runOnlyForDeploymentPostprocessing = 0;
		};
		D6C46BAB1D9890DD00F43C60 /* Frameworks */ = {
			isa = PBXFrameworksBuildPhase;
			buildActionMask = 2147483647;
			files = (
			);
			runOnlyForDeploymentPostprocessing = 0;
		};
		D6C46BB61D9890DD00F43C60 /* Frameworks */ = {
			isa = PBXFrameworksBuildPhase;
			buildActionMask = 2147483647;
			files = (
			);
			runOnlyForDeploymentPostprocessing = 0;
		};
/* End PBXFrameworksBuildPhase section */

/* Begin PBXGroup section */
		D6C46B911D9890DD00F43C60 = {
			isa = PBXGroup;
			children = (
				D6C46B9C1D9890DD00F43C60 /* TipCalculator */,
				D6C46BB11D9890DD00F43C60 /* TipCalculatorTests */,
				D6C46BBC1D9890DD00F43C60 /* TipCalculatorUITests */,
				D6C46B9B1D9890DD00F43C60 /* Products */,
			);
			sourceTree = "<group>";
		};
		D6C46B9B1D9890DD00F43C60 /* Products */ = {
			isa = PBXGroup;
			children = (
				D6C46B9A1D9890DD00F43C60 /* TipCalculator.app */,
				D6C46BAE1D9890DD00F43C60 /* TipCalculatorTests.xctest */,
				D6C46BB91D9890DD00F43C60 /* TipCalculatorUITests.xctest */,
			);
			name = Products;
			sourceTree = "<group>";
		};
		D6C46B9C1D9890DD00F43C60 /* TipCalculator */ = {
			isa = PBXGroup;
			children = (
				D6C46B9D1D9890DD00F43C60 /* AppDelegate.swift */,
				D6C46B9F1D9890DD00F43C60 /* ViewController.swift */,
				D6C46BA11D9890DD00F43C60 /* Main.storyboard */,
				D6C46BCB1D98969D00F43C60 /* SettingsViewController.swift */,
				D6C46BA41D9890DD00F43C60 /* Assets.xcassets */,
				D6C46BA61D9890DD00F43C60 /* LaunchScreen.storyboard */,
				D6C46BA91D9890DD00F43C60 /* Info.plist */,
			);
			path = TipCalculator;
			sourceTree = "<group>";
		};
		D6C46BB11D9890DD00F43C60 /* TipCalculatorTests */ = {
			isa = PBXGroup;
			children = (
				D6C46BB21D9890DD00F43C60 /* TipCalculatorTests.swift */,
				D6C46BB41D9890DD00F43C60 /* Info.plist */,
			);
			path = TipCalculatorTests;
			sourceTree = "<group>";
		};
		D6C46BBC1D9890DD00F43C60 /* TipCalculatorUITests */ = {
			isa = PBXGroup;
			children = (
				D6C46BBD1D9890DD00F43C60 /* TipCalculatorUITests.swift */,
				D6C46BBF1D9890DD00F43C60 /* Info.plist */,
			);
			path = TipCalculatorUITests;
			sourceTree = "<group>";
		};
/* End PBXGroup section */

/* Begin PBXNativeTarget section */
		D6C46B991D9890DD00F43C60 /* TipCalculator */ = {
			isa = PBXNativeTarget;
			buildConfigurationList = D6C46BC21D9890DD00F43C60 /* Build configuration list for PBXNativeTarget "TipCalculator" */;
			buildPhases = (
				D6C46B961D9890DD00F43C60 /* Sources */,
				D6C46B971D9890DD00F43C60 /* Frameworks */,
				D6C46B981D9890DD00F43C60 /* Resources */,
			);
			buildRules = (
			);
			dependencies = (
			);
			name = TipCalculator;
			productName = TipCalculator;
			productReference = D6C46B9A1D9890DD00F43C60 /* TipCalculator.app */;
			productType = "com.apple.product-type.application";
		};
		D6C46BAD1D9890DD00F43C60 /* TipCalculatorTests */ = {
			isa = PBXNativeTarget;
			buildConfigurationList = D6C46BC51D9890DD00F43C60 /* Build configuration list for PBXNativeTarget "TipCalculatorTests" */;
			buildPhases = (
				D6C46BAA1D9890DD00F43C60 /* Sources */,
				D6C46BAB1D9890DD00F43C60 /* Frameworks */,
				D6C46BAC1D9890DD00F43C60 /* Resources */,
			);
			buildRules = (
			);
			dependencies = (
				D6C46BB01D9890DD00F43C60 /* PBXTargetDependency */,
			);
			name = TipCalculatorTests;
			productName = TipCalculatorTests;
			productReference = D6C46BAE1D9890DD00F43C60 /* TipCalculatorTests.xctest */;
			productType = "com.apple.product-type.bundle.unit-test";
		};
		D6C46BB81D9890DD00F43C60 /* TipCalculatorUITests */ = {
			isa = PBXNativeTarget;
			buildConfigurationList = D6C46BC81D9890DD00F43C60 /* Build configuration list for PBXNativeTarget "TipCalculatorUITests" */;
			buildPhases = (
				D6C46BB51D9890DD00F43C60 /* Sources */,
				D6C46BB61D9890DD00F43C60 /* Frameworks */,
				D6C46BB71D9890DD00F43C60 /* Resources */,
			);
			buildRules = (
			);
			dependencies = (
				D6C46BBB1D9890DD00F43C60 /* PBXTargetDependency */,
			);
			name = TipCalculatorUITests;
			productName = TipCalculatorUITests;
			productReference = D6C46BB91D9890DD00F43C60 /* TipCalculatorUITests.xctest */;
			productType = "com.apple.product-type.bundle.ui-testing";
		};
/* End PBXNativeTarget section */

/* Begin PBXProject section */
		D6C46B921D9890DD00F43C60 /* Project object */ = {
			isa = PBXProject;
			attributes = {
				LastSwiftUpdateCheck = 0800;
				LastUpgradeCheck = 0800;
				ORGANIZATIONNAME = "Shobana Ramesh";
				TargetAttributes = {
					D6C46B991D9890DD00F43C60 = {
						CreatedOnToolsVersion = 8.0;
						ProvisioningStyle = Automatic;
					};
					D6C46BAD1D9890DD00F43C60 = {
						CreatedOnToolsVersion = 8.0;
						ProvisioningStyle = Automatic;
						TestTargetID = D6C46B991D9890DD00F43C60;
					};
					D6C46BB81D9890DD00F43C60 = {
						CreatedOnToolsVersion = 8.0;
						ProvisioningStyle = Automatic;
						TestTargetID = D6C46B991D9890DD00F43C60;
					};
				};
			};
			buildConfigurationList = D6C46B951D9890DD00F43C60 /* Build configuration list for PBXProject "TipCalculator" */;
			compatibilityVersion = "Xcode 3.2";
			developmentRegion = English;
			hasScannedForEncodings = 0;
			knownRegions = (
				en,
				Base,
			);
			mainGroup = D6C46B911D9890DD00F43C60;
			productRefGroup = D6C46B9B1D9890DD00F43C60 /* Products */;
			projectDirPath = "";
			projectRoot = "";
			targets = (
				D6C46B991D9890DD00F43C60 /* TipCalculator */,
				D6C46BAD1D9890DD00F43C60 /* TipCalculatorTests */,
				D6C46BB81D9890DD00F43C60 /* TipCalculatorUITests */,
			);
		};
/* End PBXProject section */

/* Begin PBXResourcesBuildPhase section */
		D6C46B981D9890DD00F43C60 /* Resources */ = {
			isa = PBXResourcesBuildPhase;
			buildActionMask = 2147483647;
			files = (
				D6C46BA81D9890DD00F43C60 /* LaunchScreen.storyboard in Resources */,
				D6C46BA51D9890DD00F43C60 /* Assets.xcassets in Resources */,
				D6C46BA31D9890DD00F43C60 /* Main.storyboard in Resources */,
			);
			runOnlyForDeploymentPostprocessing = 0;
		};
		D6C46BAC1D9890DD00F43C60 /* Resources */ = {
			isa = PBXResourcesBuildPhase;
			buildActionMask = 2147483647;
			files = (
			);
			runOnlyForDeploymentPostprocessing = 0;
		};
		D6C46BB71D9890DD00F43C60 /* Resources */ = {
			isa = PBXResourcesBuildPhase;
			buildActionMask = 2147483647;
			files = (
			);
			runOnlyForDeploymentPostprocessing = 0;
		};
/* End PBXResourcesBuildPhase section */

/* Begin PBXSourcesBuildPhase section */
		D6C46B961D9890DD00F43C60 /* Sources */ = {
			isa = PBXSourcesBuildPhase;
			buildActionMask = 2147483647;
			files = (
				D6C46BA01D9890DD00F43C60 /* ViewController.swift in Sources */,
				D6C46B9E1D9890DD00F43C60 /* AppDelegate.swift in Sources */,
				D6C46BCC1D98969D00F43C60 /* SettingsViewController.swift in Sources */,
			);
			runOnlyForDeploymentPostprocessing = 0;
		};
		D6C46BAA1D9890DD00F43C60 /* Sources */ = {
			isa = PBXSourcesBuildPhase;
			buildActionMask = 2147483647;
			files = (
				D6C46BB31D9890DD00F43C60 /* TipCalculatorTests.swift in Sources */,
			);
			runOnlyForDeploymentPostprocessing = 0;
		};
		D6C46BB51D9890DD00F43C60 /* Sources */ = {
			isa = PBXSourcesBuildPhase;
			buildActionMask = 2147483647;
			files = (
				D6C46BBE1D9890DD00F43C60 /* TipCalculatorUITests.swift in Sources */,
			);
			runOnlyForDeploymentPostprocessing = 0;
		};
/* End PBXSourcesBuildPhase section */

/* Begin PBXTargetDependency section */
		D6C46BB01D9890DD00F43C60 /* PBXTargetDependency */ = {
			isa = PBXTargetDependency;
			target = D6C46B991D9890DD00F43C60 /* TipCalculator */;
			targetProxy = D6C46BAF1D9890DD00F43C60 /* PBXContainerItemProxy */;
		};
		D6C46BBB1D9890DD00F43C60 /* PBXTargetDependency */ = {
			isa = PBXTargetDependency;
			target = D6C46B991D9890DD00F43C60 /* TipCalculator */;
			targetProxy = D6C46BBA1D9890DD00F43C60 /* PBXContainerItemProxy */;
		};
/* End PBXTargetDependency section */

/* Begin PBXVariantGroup section */
		D6C46BA11D9890DD00F43C60 /* Main.storyboard */ = {
			isa = PBXVariantGroup;
			children = (
				D6C46BA21D9890DD00F43C60 /* Base */,
			);
			name = Main.storyboard;
			sourceTree = "<group>";
		};
		D6C46BA61D9890DD00F43C60 /* LaunchScreen.storyboard */ = {
			isa = PBXVariantGroup;
			children = (
				D6C46BA71D9890DD00F43C60 /* Base */,
			);
			name = LaunchScreen.storyboard;
			sourceTree = "<group>";
		};
/* End PBXVariantGroup section */

/* Begin XCBuildConfiguration section */
		D6C46BC01D9890DD00F43C60 /* Debug */ = {
			isa = XCBuildConfiguration;
			buildSettings = {
				ALWAYS_SEARCH_USER_PATHS = NO;
				CLANG_ANALYZER_NONNULL = YES;
				CLANG_CXX_LANGUAGE_STANDARD = "gnu++0x";
				CLANG_CXX_LIBRARY = "libc++";
				CLANG_ENABLE_MODULES = YES;
				CLANG_ENABLE_OBJC_ARC = YES;
				CLANG_WARN_BOOL_CONVERSION = YES;
				CLANG_WARN_CONSTANT_CONVERSION = YES;
				CLANG_WARN_DIRECT_OBJC_ISA_USAGE = YES_ERROR;
				CLANG_WARN_DOCUMENTATION_COMMENTS = YES;
				CLANG_WARN_EMPTY_BODY = YES;
				CLANG_WARN_ENUM_CONVERSION = YES;
				CLANG_WARN_INFINITE_RECURSION = YES;
				CLANG_WARN_INT_CONVERSION = YES;
				CLANG_WARN_OBJC_ROOT_CLASS = YES_ERROR;
				CLANG_WARN_SUSPICIOUS_MOVES = YES;
				CLANG_WARN_UNREACHABLE_CODE = YES;
				CLANG_WARN__DUPLICATE_METHOD_MATCH = YES;
				"CODE_SIGN_IDENTITY[sdk=iphoneos*]" = "iPhone Developer";
				COPY_PHASE_STRIP = NO;
				DEBUG_INFORMATION_FORMAT = dwarf;
				ENABLE_STRICT_OBJC_MSGSEND = YES;
				ENABLE_TESTABILITY = YES;
				GCC_C_LANGUAGE_STANDARD = gnu99;
				GCC_DYNAMIC_NO_PIC = NO;
				GCC_NO_COMMON_BLOCKS = YES;
				GCC_OPTIMIZATION_LEVEL = 0;
				GCC_PREPROCESSOR_DEFINITIONS = (
					"DEBUG=1",
					"$(inherited)",
				);
				GCC_WARN_64_TO_32_BIT_CONVERSION = YES;
				GCC_WARN_ABOUT_RETURN_TYPE = YES_ERROR;
				GCC_WARN_UNDECLARED_SELECTOR = YES;
				GCC_WARN_UNINITIALIZED_AUTOS = YES_AGGRESSIVE;
				GCC_WARN_UNUSED_FUNCTION = YES;
				GCC_WARN_UNUSED_VARIABLE = YES;
				IPHONEOS_DEPLOYMENT_TARGET = 10.0;
				MTL_ENABLE_DEBUG_INFO = YES;
				ONLY_ACTIVE_ARCH = YES;
				SDKROOT = iphoneos;
				SWIFT_ACTIVE_COMPILATION_CONDITIONS = DEBUG;
				SWIFT_OPTIMIZATION_LEVEL = "-Onone";
			};
			name = Debug;
		};
		D6C46BC11D9890DD00F43C60 /* Release */ = {
			isa = XCBuildConfiguration;
			buildSettings = {
				ALWAYS_SEARCH_USER_PATHS = NO;
				CLANG_ANALYZER_NONNULL = YES;
				CLANG_CXX_LANGUAGE_STANDARD = "gnu++0x";
				CLANG_CXX_LIBRARY = "libc++";
				CLANG_ENABLE_MODULES = YES;
				CLANG_ENABLE_OBJC_ARC = YES;
				CLANG_WARN_BOOL_CONVERSION = YES;
				CLANG_WARN_CONSTANT_CONVERSION = YES;
				CLANG_WARN_DIRECT_OBJC_ISA_USAGE = YES_ERROR;
				CLANG_WARN_DOCUMENTATION_COMMENTS = YES;
				CLANG_WARN_EMPTY_BODY = YES;
				CLANG_WARN_ENUM_CONVERSION = YES;
				CLANG_WARN_INFINITE_RECURSION = YES;
				CLANG_WARN_INT_CONVERSION = YES;
				CLANG_WARN_OBJC_ROOT_CLASS = YES_ERROR;
				CLANG_WARN_SUSPICIOUS_MOVES = YES;
				CLANG_WARN_UNREACHABLE_CODE = YES;
				CLANG_WARN__DUPLICATE_METHOD_MATCH = YES;
				"CODE_SIGN_IDENTITY[sdk=iphoneos*]" = "iPhone Developer";
				COPY_PHASE_STRIP = NO;
				DEBUG_INFORMATION_FORMAT = "dwarf-with-dsym";
				ENABLE_NS_ASSERTIONS = NO;
				ENABLE_STRICT_OBJC_MSGSEND = YES;
				GCC_C_LANGUAGE_STANDARD = gnu99;
				GCC_NO_COMMON_BLOCKS = YES;
				GCC_WARN_64_TO_32_BIT_CONVERSION = YES;
				GCC_WARN_ABOUT_RETURN_TYPE = YES_ERROR;
				GCC_WARN_UNDECLARED_SELECTOR = YES;
				GCC_WARN_UNINITIALIZED_AUTOS = YES_AGGRESSIVE;
				GCC_WARN_UNUSED_FUNCTION = YES;
				GCC_WARN_UNUSED_VARIABLE = YES;
				IPHONEOS_DEPLOYMENT_TARGET = 10.0;
				MTL_ENABLE_DEBUG_INFO = NO;
				SDKROOT = iphoneos;
				SWIFT_OPTIMIZATION_LEVEL = "-Owholemodule";
				VALIDATE_PRODUCT = YES;
			};
			name = Release;
		};
		D6C46BC31D9890DD00F43C60 /* Debug */ = {
			isa = XCBuildConfiguration;
			buildSettings = {
				ASSETCATALOG_COMPILER_APPICON_NAME = AppIcon;
				INFOPLIST_FILE = TipCalculator/Info.plist;
				LD_RUNPATH_SEARCH_PATHS = "$(inherited) @executable_path/Frameworks";
				PRODUCT_BUNDLE_IDENTIFIER = TipCalculator;
				PRODUCT_NAME = "$(TARGET_NAME)";
				SWIFT_VERSION = 3.0;
			};
			name = Debug;
		};
		D6C46BC41D9890DD00F43C60 /* Release */ = {
			isa = XCBuildConfiguration;
			buildSettings = {
				ASSETCATALOG_COMPILER_APPICON_NAME = AppIcon;
				INFOPLIST_FILE = TipCalculator/Info.plist;
				LD_RUNPATH_SEARCH_PATHS = "$(inherited) @executable_path/Frameworks";
				PRODUCT_BUNDLE_IDENTIFIER = TipCalculator;
				PRODUCT_NAME = "$(TARGET_NAME)";
				SWIFT_VERSION = 3.0;
			};
			name = Release;
		};
		D6C46BC61D9890DD00F43C60 /* Debug */ = {
			isa = XCBuildConfiguration;
			buildSettings = {
				ALWAYS_EMBED_SWIFT_STANDARD_LIBRARIES = YES;
				BUNDLE_LOADER = "$(TEST_HOST)";
				INFOPLIST_FILE = TipCalculatorTests/Info.plist;
				LD_RUNPATH_SEARCH_PATHS = "$(inherited) @executable_path/Frameworks @loader_path/Frameworks";
				PRODUCT_BUNDLE_IDENTIFIER = Sampathweb.TipCalculatorTests;
				PRODUCT_NAME = "$(TARGET_NAME)";
				SWIFT_VERSION = 3.0;
				TEST_HOST = "$(BUILT_PRODUCTS_DIR)/TipCalculator.app/TipCalculator";
			};
			name = Debug;
		};
		D6C46BC71D9890DD00F43C60 /* Release */ = {
			isa = XCBuildConfiguration;
			buildSettings = {
				ALWAYS_EMBED_SWIFT_STANDARD_LIBRARIES = YES;
				BUNDLE_LOADER = "$(TEST_HOST)";
				INFOPLIST_FILE = TipCalculatorTests/Info.plist;
				LD_RUNPATH_SEARCH_PATHS = "$(inherited) @executable_path/Frameworks @loader_path/Frameworks";
				PRODUCT_BUNDLE_IDENTIFIER = Sampathweb.TipCalculatorTests;
				PRODUCT_NAME = "$(TARGET_NAME)";
				SWIFT_VERSION = 3.0;
				TEST_HOST = "$(BUILT_PRODUCTS_DIR)/TipCalculator.app/TipCalculator";
			};
			name = Release;
		};
		D6C46BC91D9890DD00F43C60 /* Debug */ = {
			isa = XCBuildConfiguration;
			buildSettings = {
				ALWAYS_EMBED_SWIFT_STANDARD_LIBRARIES = YES;
				INFOPLIST_FILE = TipCalculatorUITests/Info.plist;
				LD_RUNPATH_SEARCH_PATHS = "$(inherited) @executable_path/Frameworks @loader_path/Frameworks";
				PRODUCT_BUNDLE_IDENTIFIER = Sampathweb.TipCalculatorUITests;
				PRODUCT_NAME = "$(TARGET_NAME)";
				SWIFT_VERSION = 3.0;
				TEST_TARGET_NAME = TipCalculator;
			};
			name = Debug;
		};
		D6C46BCA1D9890DD00F43C60 /* Release */ = {
			isa = XCBuildConfiguration;
			buildSettings = {
				ALWAYS_EMBED_SWIFT_STANDARD_LIBRARIES = YES;
				INFOPLIST_FILE = TipCalculatorUITests/Info.plist;
				LD_RUNPATH_SEARCH_PATHS = "$(inherited) @executable_path/Frameworks @loader_path/Frameworks";
				PRODUCT_BUNDLE_IDENTIFIER = Sampathweb.TipCalculatorUITests;
				PRODUCT_NAME = "$(TARGET_NAME)";
				SWIFT_VERSION = 3.0;
				TEST_TARGET_NAME = TipCalculator;
			};
			name = Release;
		};
/* End XCBuildConfiguration section */

/* Begin XCConfigurationList section */
		D6C46B951D9890DD00F43C60 /* Build configuration list for PBXProject "TipCalculator" */ = {
			isa = XCConfigurationList;
			buildConfigurations = (
				D6C46BC01D9890DD00F43C60 /* Debug */,
				D6C46BC11D9890DD00F43C60 /* Release */,
			);
			defaultConfigurationIsVisible = 0;
			defaultConfigurationName = Release;
		};
		D6C46BC21D9890DD00F43C60 /* Build configuration list for PBXNativeTarget "TipCalculator" */ = {
			isa = XCConfigurationList;
			buildConfigurations = (
				D6C46BC31D9890DD00F43C60 /* Debug */,
				D6C46BC41D9890DD00F43C60 /* Release */,
			);
			defaultConfigurationIsVisible = 0;
		};
		D6C46BC51D9890DD00F43C60 /* Build configuration list for PBXNativeTarget "TipCalculatorTests" */ = {
			isa = XCConfigurationList;
			buildConfigurations = (
				D6C46BC61D9890DD00F43C60 /* Debug */,
				D6C46BC71D9890DD00F43C60 /* Release */,
			);
			defaultConfigurationIsVisible = 0;
		};
		D6C46BC81D9890DD00F43C60 /* Build configuration list for PBXNativeTarget "TipCalculatorUITests" */ = {
			isa = XCConfigurationList;
			buildConfigurations = (
				D6C46BC91D9890DD00F43C60 /* Debug */,
				D6C46BCA1D9890DD00F43C60 /* Release */,
			);
			defaultConfigurationIsVisible = 0;
		};
/* End XCConfigurationList section */
	};
	rootObject = D6C46B921D9890DD00F43C60 /* Project object */;
}
